// !$*UTF8*$!
{
	archiveVersion = 1;
	classes = {
	};
	objectVersion = 50;
	objects = {

/* Begin PBXBuildFile section */
		6398BB7928DB5CCB00B0C3E9 /* AppDelegate.swift in Sources */ = {isa = PBXBuildFile; fileRef = 6398BB7828DB5CCB00B0C3E9 /* AppDelegate.swift */; };
		6398BB7B28DB5CCB00B0C3E9 /* SceneDelegate.swift in Sources */ = {isa = PBXBuildFile; fileRef = 6398BB7A28DB5CCB00B0C3E9 /* SceneDelegate.swift */; };
		6398BB7D28DB5CCB00B0C3E9 /* ViewController.swift in Sources */ = {isa = PBXBuildFile; fileRef = 6398BB7C28DB5CCB00B0C3E9 /* ViewController.swift */; };
		6398BB8028DB5CCB00B0C3E9 /* Main.storyboard in Resources */ = {isa = PBXBuildFile; fileRef = 6398BB7E28DB5CCB00B0C3E9 /* Main.storyboard */; };
		6398BB8328DB5CCB00B0C3E9 /* aaaaa.xcdatamodeld in Sources */ = {isa = PBXBuildFile; fileRef = 6398BB8128DB5CCB00B0C3E9 /* aaaaa.xcdatamodeld */; };
		6398BB8528DB5CCD00B0C3E9 /* Assets.xcassets in Resources */ = {isa = PBXBuildFile; fileRef = 6398BB8428DB5CCD00B0C3E9 /* Assets.xcassets */; };
		6398BB8828DB5CCD00B0C3E9 /* LaunchScreen.storyboard in Resources */ = {isa = PBXBuildFile; fileRef = 6398BB8628DB5CCD00B0C3E9 /* LaunchScreen.storyboard */; };
		6398BB9328DB5CCD00B0C3E9 /* aaaaaTests.swift in Sources */ = {isa = PBXBuildFile; fileRef = 6398BB9228DB5CCD00B0C3E9 /* aaaaaTests.swift */; };
		6398BB9E28DB5CCD00B0C3E9 /* aaaaaUITests.swift in Sources */ = {isa = PBXBuildFile; fileRef = 6398BB9D28DB5CCD00B0C3E9 /* aaaaaUITests.swift */; };
/* End PBXBuildFile section */

/* Begin PBXContainerItemProxy section */
		6398BB8F28DB5CCD00B0C3E9 /* PBXContainerItemProxy */ = {
			isa = PBXContainerItemProxy;
			containerPortal = 6398BB6D28DB5CCB00B0C3E9 /* Project object */;
			proxyType = 1;
			remoteGlobalIDString = 6398BB7428DB5CCB00B0C3E9;
			remoteInfo = aaaaa;
		};
		6398BB9A28DB5CCD00B0C3E9 /* PBXContainerItemProxy */ = {
			isa = PBXContainerItemProxy;
			containerPortal = 6398BB6D28DB5CCB00B0C3E9 /* Project object */;
			proxyType = 1;
			remoteGlobalIDString = 6398BB7428DB5CCB00B0C3E9;
			remoteInfo = aaaaa;
		};
/* End PBXContainerItemProxy section */

/* Begin PBXFileReference section */
		6398BB7528DB5CCB00B0C3E9 /* aaaaa.app */ = {isa = PBXFileReference; explicitFileType = wrapper.application; includeInIndex = 0; path = aaaaa.app; sourceTree = BUILT_PRODUCTS_DIR; };
		6398BB7828DB5CCB00B0C3E9 /* AppDelegate.swift */ = {isa = PBXFileReference; lastKnownFileType = sourcecode.swift; path = AppDelegate.swift; sourceTree = "<group>"; };
		6398BB7A28DB5CCB00B0C3E9 /* SceneDelegate.swift */ = {isa = PBXFileReference; lastKnownFileType = sourcecode.swift; path = SceneDelegate.swift; sourceTree = "<group>"; };
		6398BB7C28DB5CCB00B0C3E9 /* ViewController.swift */ = {isa = PBXFileReference; lastKnownFileType = sourcecode.swift; path = ViewController.swift; sourceTree = "<group>"; };
		6398BB7F28DB5CCB00B0C3E9 /* Base */ = {isa = PBXFileReference; lastKnownFileType = file.storyboard; name = Base; path = Base.lproj/Main.storyboard; sourceTree = "<group>"; };
		6398BB8228DB5CCB00B0C3E9 /* aaaaa.xcdatamodel */ = {isa = PBXFileReference; lastKnownFileType = wrapper.xcdatamodel; path = aaaaa.xcdatamodel; sourceTree = "<group>"; };
		6398BB8428DB5CCD00B0C3E9 /* Assets.xcassets */ = {isa = PBXFileReference; lastKnownFileType = folder.assetcatalog; path = Assets.xcassets; sourceTree = "<group>"; };
		6398BB8728DB5CCD00B0C3E9 /* Base */ = {isa = PBXFileReference; lastKnownFileType = file.storyboard; name = Base; path = Base.lproj/LaunchScreen.storyboard; sourceTree = "<group>"; };
		6398BB8928DB5CCD00B0C3E9 /* Info.plist */ = {isa = PBXFileReference; lastKnownFileType = text.plist.xml; path = Info.plist; sourceTree = "<group>"; };
		6398BB8E28DB5CCD00B0C3E9 /* aaaaaTests.xctest */ = {isa = PBXFileReference; explicitFileType = wrapper.cfbundle; includeInIndex = 0; path = aaaaaTests.xctest; sourceTree = BUILT_PRODUCTS_DIR; };
		6398BB9228DB5CCD00B0C3E9 /* aaaaaTests.swift */ = {isa = PBXFileReference; lastKnownFileType = sourcecode.swift; path = aaaaaTests.swift; sourceTree = "<group>"; };
		6398BB9428DB5CCD00B0C3E9 /* Info.plist */ = {isa = PBXFileReference; lastKnownFileType = text.plist.xml; path = Info.plist; sourceTree = "<group>"; };
		6398BB9928DB5CCD00B0C3E9 /* aaaaaUITests.xctest */ = {isa = PBXFileReference; explicitFileType = wrapper.cfbundle; includeInIndex = 0; path = aaaaaUITests.xctest; sourceTree = BUILT_PRODUCTS_DIR; };
		6398BB9D28DB5CCD00B0C3E9 /* aaaaaUITests.swift */ = {isa = PBXFileReference; lastKnownFileType = sourcecode.swift; path = aaaaaUITests.swift; sourceTree = "<group>"; };
		6398BB9F28DB5CCD00B0C3E9 /* Info.plist */ = {isa = PBXFileReference; lastKnownFileType = text.plist.xml; path = Info.plist; sourceTree = "<group>"; };
/* End PBXFileReference section */

/* Begin PBXFrameworksBuildPhase section */
		6398BB7228DB5CCB00B0C3E9 /* Frameworks */ = {
			isa = PBXFrameworksBuildPhase;
			buildActionMask = 2147483647;
			files = (
			);
			runOnlyForDeploymentPostprocessing = 0;
		};
		6398BB8B28DB5CCD00B0C3E9 /* Frameworks */ = {
			isa = PBXFrameworksBuildPhase;
			buildActionMask = 2147483647;
			files = (
			);
			runOnlyForDeploymentPostprocessing = 0;
		};
		6398BB9628DB5CCD00B0C3E9 /* Frameworks */ = {
			isa = PBXFrameworksBuildPhase;
			buildActionMask = 2147483647;
			files = (
			);
			runOnlyForDeploymentPostprocessing = 0;
		};
/* End PBXFrameworksBuildPhase section */

/* Begin PBXGroup section */
		6398BB6C28DB5CCB00B0C3E9 = {
			isa = PBXGroup;
			children = (
				6398BB7728DB5CCB00B0C3E9 /* aaaaa */,
				6398BB9128DB5CCD00B0C3E9 /* aaaaaTests */,
				6398BB9C28DB5CCD00B0C3E9 /* aaaaaUITests */,
				6398BB7628DB5CCB00B0C3E9 /* Products */,
			);
			sourceTree = "<group>";
		};
		6398BB7628DB5CCB00B0C3E9 /* Products */ = {
			isa = PBXGroup;
			children = (
				6398BB7528DB5CCB00B0C3E9 /* aaaaa.app */,
				6398BB8E28DB5CCD00B0C3E9 /* aaaaaTests.xctest */,
				6398BB9928DB5CCD00B0C3E9 /* aaaaaUITests.xctest */,
			);
			name = Products;
			sourceTree = "<group>";
		};
		6398BB7728DB5CCB00B0C3E9 /* aaaaa */ = {
			isa = PBXGroup;
			children = (
				6398BB7828DB5CCB00B0C3E9 /* AppDelegate.swift */,
				6398BB7A28DB5CCB00B0C3E9 /* SceneDelegate.swift */,
				6398BB7C28DB5CCB00B0C3E9 /* ViewController.swift */,
				6398BB7E28DB5CCB00B0C3E9 /* Main.storyboard */,
				6398BB8428DB5CCD00B0C3E9 /* Assets.xcassets */,
				6398BB8628DB5CCD00B0C3E9 /* LaunchScreen.storyboard */,
				6398BB8928DB5CCD00B0C3E9 /* Info.plist */,
				6398BB8128DB5CCB00B0C3E9 /* aaaaa.xcdatamodeld */,
			);
			path = aaaaa;
			sourceTree = "<group>";
		};
		6398BB9128DB5CCD00B0C3E9 /* aaaaaTests */ = {
			isa = PBXGroup;
			children = (
				6398BB9228DB5CCD00B0C3E9 /* aaaaaTests.swift */,
				6398BB9428DB5CCD00B0C3E9 /* Info.plist */,
			);
			path = aaaaaTests;
			sourceTree = "<group>";
		};
		6398BB9C28DB5CCD00B0C3E9 /* aaaaaUITests */ = {
			isa = PBXGroup;
			children = (
				6398BB9D28DB5CCD00B0C3E9 /* aaaaaUITests.swift */,
				6398BB9F28DB5CCD00B0C3E9 /* Info.plist */,
			);
			path = aaaaaUITests;
			sourceTree = "<group>";
		};
/* End PBXGroup section */

/* Begin PBXNativeTarget section */
		6398BB7428DB5CCB00B0C3E9 /* aaaaa */ = {
			isa = PBXNativeTarget;
			buildConfigurationList = 6398BBA228DB5CCD00B0C3E9 /* Build configuration list for PBXNativeTarget "aaaaa" */;
			buildPhases = (
				6398BB7128DB5CCB00B0C3E9 /* Sources */,
				6398BB7228DB5CCB00B0C3E9 /* Frameworks */,
				6398BB7328DB5CCB00B0C3E9 /* Resources */,
			);
			buildRules = (
			);
			dependencies = (
			);
			name = aaaaa;
			productName = aaaaa;
			productReference = 6398BB7528DB5CCB00B0C3E9 /* aaaaa.app */;
			productType = "com.apple.product-type.application";
		};
		6398BB8D28DB5CCD00B0C3E9 /* aaaaaTests */ = {
			isa = PBXNativeTarget;
			buildConfigurationList = 6398BBA528DB5CCD00B0C3E9 /* Build configuration list for PBXNativeTarget "aaaaaTests" */;
			buildPhases = (
				6398BB8A28DB5CCD00B0C3E9 /* Sources */,
				6398BB8B28DB5CCD00B0C3E9 /* Frameworks */,
				6398BB8C28DB5CCD00B0C3E9 /* Resources */,
			);
			buildRules = (
			);
			dependencies = (
				6398BB9028DB5CCD00B0C3E9 /* PBXTargetDependency */,
			);
			name = aaaaaTests;
			productName = aaaaaTests;
			productReference = 6398BB8E28DB5CCD00B0C3E9 /* aaaaaTests.xctest */;
			productType = "com.apple.product-type.bundle.unit-test";
		};
		6398BB9828DB5CCD00B0C3E9 /* aaaaaUITests */ = {
			isa = PBXNativeTarget;
			buildConfigurationList = 6398BBA828DB5CCD00B0C3E9 /* Build configuration list for PBXNativeTarget "aaaaaUITests" */;
			buildPhases = (
				6398BB9528DB5CCD00B0C3E9 /* Sources */,
				6398BB9628DB5CCD00B0C3E9 /* Frameworks */,
				6398BB9728DB5CCD00B0C3E9 /* Resources */,
			);
			buildRules = (
			);
			dependencies = (
				6398BB9B28DB5CCD00B0C3E9 /* PBXTargetDependency */,
			);
			name = aaaaaUITests;
			productName = aaaaaUITests;
			productReference = 6398BB9928DB5CCD00B0C3E9 /* aaaaaUITests.xctest */;
			productType = "com.apple.product-type.bundle.ui-testing";
		};
/* End PBXNativeTarget section */

/* Begin PBXProject section */
		6398BB6D28DB5CCB00B0C3E9 /* Project object */ = {
			isa = PBXProject;
			attributes = {
				LastSwiftUpdateCheck = 1230;
				LastUpgradeCheck = 1230;
				TargetAttributes = {
					6398BB7428DB5CCB00B0C3E9 = {
						CreatedOnToolsVersion = 12.3;
					};
					6398BB8D28DB5CCD00B0C3E9 = {
						CreatedOnToolsVersion = 12.3;
						TestTargetID = 6398BB7428DB5CCB00B0C3E9;
					};
					6398BB9828DB5CCD00B0C3E9 = {
						CreatedOnToolsVersion = 12.3;
						TestTargetID = 6398BB7428DB5CCB00B0C3E9;
					};
				};
			};
			buildConfigurationList = 6398BB7028DB5CCB00B0C3E9 /* Build configuration list for PBXProject "aaaaa" */;
			compatibilityVersion = "Xcode 9.3";
			developmentRegion = en;
			hasScannedForEncodings = 0;
			knownRegions = (
				en,
				Base,
			);
			mainGroup = 6398BB6C28DB5CCB00B0C3E9;
			productRefGroup = 6398BB7628DB5CCB00B0C3E9 /* Products */;
			projectDirPath = "";
			projectRoot = "";
			targets = (
				6398BB7428DB5CCB00B0C3E9 /* aaaaa */,
				6398BB8D28DB5CCD00B0C3E9 /* aaaaaTests */,
				6398BB9828DB5CCD00B0C3E9 /* aaaaaUITests */,
			);
		};
/* End PBXProject section */

/* Begin PBXResourcesBuildPhase section */
		6398BB7328DB5CCB00B0C3E9 /* Resources */ = {
			isa = PBXResourcesBuildPhase;
			buildActionMask = 2147483647;
			files = (
				6398BB8828DB5CCD00B0C3E9 /* LaunchScreen.storyboard in Resources */,
				6398BB8528DB5CCD00B0C3E9 /* Assets.xcassets in Resources */,
				6398BB8028DB5CCB00B0C3E9 /* Main.storyboard in Resources */,
			);
			runOnlyForDeploymentPostprocessing = 0;
		};
		6398BB8C28DB5CCD00B0C3E9 /* Resources */ = {
			isa = PBXResourcesBuildPhase;
			buildActionMask = 2147483647;
			files = (
			);
			runOnlyForDeploymentPostprocessing = 0;
		};
		6398BB9728DB5CCD00B0C3E9 /* Resources */ = {
			isa = PBXResourcesBuildPhase;
			buildActionMask = 2147483647;
			files = (
			);
			runOnlyForDeploymentPostprocessing = 0;
		};
/* End PBXResourcesBuildPhase section */

/* Begin PBXSourcesBuildPhase section */
		6398BB7128DB5CCB00B0C3E9 /* Sources */ = {
			isa = PBXSourcesBuildPhase;
			buildActionMask = 2147483647;
			files = (
				6398BB7D28DB5CCB00B0C3E9 /* ViewController.swift in Sources */,
				6398BB7928DB5CCB00B0C3E9 /* AppDelegate.swift in Sources */,
				6398BB7B28DB5CCB00B0C3E9 /* SceneDelegate.swift in Sources */,
				6398BB8328DB5CCB00B0C3E9 /* aaaaa.xcdatamodeld in Sources */,
			);
			runOnlyForDeploymentPostprocessing = 0;
		};
		6398BB8A28DB5CCD00B0C3E9 /* Sources */ = {
			isa = PBXSourcesBuildPhase;
			buildActionMask = 2147483647;
			files = (
				6398BB9328DB5CCD00B0C3E9 /* aaaaaTests.swift in Sources */,
			);
			runOnlyForDeploymentPostprocessing = 0;
		};
		6398BB9528DB5CCD00B0C3E9 /* Sources */ = {
			isa = PBXSourcesBuildPhase;
			buildActionMask = 2147483647;
			files = (
				6398BB9E28DB5CCD00B0C3E9 /* aaaaaUITests.swift in Sources */,
			);
			runOnlyForDeploymentPostprocessing = 0;
		};
/* End PBXSourcesBuildPhase section */

/* Begin PBXTargetDependency section */
		6398BB9028DB5CCD00B0C3E9 /* PBXTargetDependency */ = {
			isa = PBXTargetDependency;
			target = 6398BB7428DB5CCB00B0C3E9 /* aaaaa */;
			targetProxy = 6398BB8F28DB5CCD00B0C3E9 /* PBXContainerItemProxy */;
		};
		6398BB9B28DB5CCD00B0C3E9 /* PBXTargetDependency */ = {
			isa = PBXTargetDependency;
			target = 6398BB7428DB5CCB00B0C3E9 /* aaaaa */;
			targetProxy = 6398BB9A28DB5CCD00B0C3E9 /* PBXContainerItemProxy */;
		};
/* End PBXTargetDependency section */

/* Begin PBXVariantGroup section */
		6398BB7E28DB5CCB00B0C3E9 /* Main.storyboard */ = {
			isa = PBXVariantGroup;
			children = (
				6398BB7F28DB5CCB00B0C3E9 /* Base */,
			);
			name = Main.storyboard;
			sourceTree = "<group>";
		};
		6398BB8628DB5CCD00B0C3E9 /* LaunchScreen.storyboard */ = {
			isa = PBXVariantGroup;
			children = (
				6398BB8728DB5CCD00B0C3E9 /* Base */,
			);
			name = LaunchScreen.storyboard;
			sourceTree = "<group>";
		};
/* End PBXVariantGroup section */

/* Begin XCBuildConfiguration section */
		6398BBA028DB5CCD00B0C3E9 /* Debug */ = {
			isa = XCBuildConfiguration;
			buildSettings = {
				ALWAYS_SEARCH_USER_PATHS = NO;
				CLANG_ANALYZER_NONNULL = YES;
				CLANG_ANALYZER_NUMBER_OBJECT_CONVERSION = YES_AGGRESSIVE;
				CLANG_CXX_LANGUAGE_STANDARD = "gnu++14";
				CLANG_CXX_LIBRARY = "libc++";
				CLANG_ENABLE_MODULES = YES;
				CLANG_ENABLE_OBJC_ARC = YES;
				CLANG_ENABLE_OBJC_WEAK = YES;
				CLANG_WARN_BLOCK_CAPTURE_AUTORELEASING = YES;
				CLANG_WARN_BOOL_CONVERSION = YES;
				CLANG_WARN_COMMA = YES;
				CLANG_WARN_CONSTANT_CONVERSION = YES;
				CLANG_WARN_DEPRECATED_OBJC_IMPLEMENTATIONS = YES;
				CLANG_WARN_DIRECT_OBJC_ISA_USAGE = YES_ERROR;
				CLANG_WARN_DOCUMENTATION_COMMENTS = YES;
				CLANG_WARN_EMPTY_BODY = YES;
				CLANG_WARN_ENUM_CONVERSION = YES;
				CLANG_WARN_INFINITE_RECURSION = YES;
				CLANG_WARN_INT_CONVERSION = YES;
				CLANG_WARN_NON_LITERAL_NULL_CONVERSION = YES;
				CLANG_WARN_OBJC_IMPLICIT_RETAIN_SELF = YES;
				CLANG_WARN_OBJC_LITERAL_CONVERSION = YES;
				CLANG_WARN_OBJC_ROOT_CLASS = YES_ERROR;
				CLANG_WARN_QUOTED_INCLUDE_IN_FRAMEWORK_HEADER = YES;
				CLANG_WARN_RANGE_LOOP_ANALYSIS = YES;
				CLANG_WARN_STRICT_PROTOTYPES = YES;
				CLANG_WARN_SUSPICIOUS_MOVE = YES;
				CLANG_WARN_UNGUARDED_AVAILABILITY = YES_AGGRESSIVE;
				CLANG_WARN_UNREACHABLE_CODE = YES;
				CLANG_WARN__DUPLICATE_METHOD_MATCH = YES;
				COPY_PHASE_STRIP = NO;
				DEBUG_INFORMATION_FORMAT = dwarf;
				ENABLE_STRICT_OBJC_MSGSEND = YES;
				ENABLE_TESTABILITY = YES;
				GCC_C_LANGUAGE_STANDARD = gnu11;
				GCC_DYNAMIC_NO_PIC = NO;
				GCC_NO_COMMON_BLOCKS = YES;
				GCC_OPTIMIZATION_LEVEL = 0;
				GCC_PREPROCESSOR_DEFINITIONS = (
					"DEBUG=1",
					"$(inherited)",
				);
				GCC_WARN_64_TO_32_BIT_CONVERSION = YES;
				GCC_WARN_ABOUT_RETURN_TYPE = YES_ERROR;
				GCC_WARN_UNDECLARED_SELECTOR = YES;
				GCC_WARN_UNINITIALIZED_AUTOS = YES_AGGRESSIVE;
				GCC_WARN_UNUSED_FUNCTION = YES;
				GCC_WARN_UNUSED_VARIABLE = YES;
				IPHONEOS_DEPLOYMENT_TARGET = 14.3;
				MTL_ENABLE_DEBUG_INFO = INCLUDE_SOURCE;
				MTL_FAST_MATH = YES;
				ONLY_ACTIVE_ARCH = YES;
				SDKROOT = iphoneos;
				SWIFT_ACTIVE_COMPILATION_CONDITIONS = DEBUG;
				SWIFT_OPTIMIZATION_LEVEL = "-Onone";
			};
			name = Debug;
		};
		6398BBA128DB5CCD00B0C3E9 /* Release */ = {
			isa = XCBuildConfiguration;
			buildSettings = {
				ALWAYS_SEARCH_USER_PATHS = NO;
				CLANG_ANALYZER_NONNULL = YES;
				CLANG_ANALYZER_NUMBER_OBJECT_CONVERSION = YES_AGGRESSIVE;
				CLANG_CXX_LANGUAGE_STANDARD = "gnu++14";
				CLANG_CXX_LIBRARY = "libc++";
				CLANG_ENABLE_MODULES = YES;
				CLANG_ENABLE_OBJC_ARC = YES;
				CLANG_ENABLE_OBJC_WEAK = YES;
				CLANG_WARN_BLOCK_CAPTURE_AUTORELEASING = YES;
				CLANG_WARN_BOOL_CONVERSION = YES;
				CLANG_WARN_COMMA = YES;
				CLANG_WARN_CONSTANT_CONVERSION = YES;
				CLANG_WARN_DEPRECATED_OBJC_IMPLEMENTATIONS = YES;
				CLANG_WARN_DIRECT_OBJC_ISA_USAGE = YES_ERROR;
				CLANG_WARN_DOCUMENTATION_COMMENTS = YES;
				CLANG_WARN_EMPTY_BODY = YES;
				CLANG_WARN_ENUM_CONVERSION = YES;
				CLANG_WARN_INFINITE_RECURSION = YES;
				CLANG_WARN_INT_CONVERSION = YES;
				CLANG_WARN_NON_LITERAL_NULL_CONVERSION = YES;
				CLANG_WARN_OBJC_IMPLICIT_RETAIN_SELF = YES;
				CLANG_WARN_OBJC_LITERAL_CONVERSION = YES;
				CLANG_WARN_OBJC_ROOT_CLASS = YES_ERROR;
				CLANG_WARN_QUOTED_INCLUDE_IN_FRAMEWORK_HEADER = YES;
				CLANG_WARN_RANGE_LOOP_ANALYSIS = YES;
				CLANG_WARN_STRICT_PROTOTYPES = YES;
				CLANG_WARN_SUSPICIOUS_MOVE = YES;
				CLANG_WARN_UNGUARDED_AVAILABILITY = YES_AGGRESSIVE;
				CLANG_WARN_UNREACHABLE_CODE = YES;
				CLANG_WARN__DUPLICATE_METHOD_MATCH = YES;
				COPY_PHASE_STRIP = NO;
				DEBUG_INFORMATION_FORMAT = "dwarf-with-dsym";
				ENABLE_NS_ASSERTIONS = NO;
				ENABLE_STRICT_OBJC_MSGSEND = YES;
				GCC_C_LANGUAGE_STANDARD = gnu11;
				GCC_NO_COMMON_BLOCKS = YES;
				GCC_WARN_64_TO_32_BIT_CONVERSION = YES;
				GCC_WARN_ABOUT_RETURN_TYPE = YES_ERROR;
				GCC_WARN_UNDECLARED_SELECTOR = YES;
				GCC_WARN_UNINITIALIZED_AUTOS = YES_AGGRESSIVE;
				GCC_WARN_UNUSED_FUNCTION = YES;
				GCC_WARN_UNUSED_VARIABLE = YES;
				IPHONEOS_DEPLOYMENT_TARGET = 14.3;
				MTL_ENABLE_DEBUG_INFO = NO;
				MTL_FAST_MATH = YES;
				SDKROOT = iphoneos;
				SWIFT_COMPILATION_MODE = wholemodule;
				SWIFT_OPTIMIZATION_LEVEL = "-O";
				VALIDATE_PRODUCT = YES;
			};
			name = Release;
		};
		6398BBA328DB5CCD00B0C3E9 /* Debug */ = {
			isa = XCBuildConfiguration;
			buildSettings = {
				ASSETCATALOG_COMPILER_APPICON_NAME = AppIcon;
				ASSETCATALOG_COMPILER_GLOBAL_ACCENT_COLOR_NAME = AccentColor;
				CODE_SIGN_STYLE = Automatic;
				INFOPLIST_FILE = aaaaa/Info.plist;
				LD_RUNPATH_SEARCH_PATHS = (
					"$(inherited)",
					"@executable_path/Frameworks",
				);
				PRODUCT_BUNDLE_IDENTIFIER = emrekanka.aaaaa;
				PRODUCT_NAME = "$(TARGET_NAME)";
				SWIFT_VERSION = 5.0;
				TARGETED_DEVICE_FAMILY = 1;
			};
			name = Debug;
		};
		6398BBA428DB5CCD00B0C3E9 /* Release */ = {
			isa = XCBuildConfiguration;
			buildSettings = {
				ASSETCATALOG_COMPILER_APPICON_NAME = AppIcon;
				ASSETCATALOG_COMPILER_GLOBAL_ACCENT_COLOR_NAME = AccentColor;
				CODE_SIGN_STYLE = Automatic;
				INFOPLIST_FILE = aaaaa/Info.plist;
				LD_RUNPATH_SEARCH_PATHS = (
					"$(inherited)",
					"@executable_path/Frameworks",
				);
				PRODUCT_BUNDLE_IDENTIFIER = emrekanka.aaaaa;
				PRODUCT_NAME = "$(TARGET_NAME)";
				SWIFT_VERSION = 5.0;
				TARGETED_DEVICE_FAMILY = 1;
			};
			name = Release;
		};
		6398BBA628DB5CCD00B0C3E9 /* Debug */ = {
			isa = XCBuildConfiguration;
			buildSettings = {
				ALWAYS_EMBED_SWIFT_STANDARD_LIBRARIES = YES;
				BUNDLE_LOADER = "$(TEST_HOST)";
				CODE_SIGN_STYLE = Automatic;
				INFOPLIST_FILE = aaaaaTests/Info.plist;
				IPHONEOS_DEPLOYMENT_TARGET = 14.3;
				LD_RUNPATH_SEARCH_PATHS = (
					"$(inherited)",
					"@executable_path/Frameworks",
					"@loader_path/Frameworks",
				);
				PRODUCT_BUNDLE_IDENTIFIER = emrekanka.aaaaaTests;
				PRODUCT_NAME = "$(TARGET_NAME)";
				SWIFT_VERSION = 5.0;
				TARGETED_DEVICE_FAMILY = "1,2";
				TEST_HOST = "$(BUILT_PRODUCTS_DIR)/aaaaa.app/aaaaa";
			};
			name = Debug;
		};
		6398BBA728DB5CCD00B0C3E9 /* Release */ = {
			isa = XCBuildConfiguration;
			buildSettings = {
				ALWAYS_EMBED_SWIFT_STANDARD_LIBRARIES = YES;
				BUNDLE_LOADER = "$(TEST_HOST)";
				CODE_SIGN_STYLE = Automatic;
				INFOPLIST_FILE = aaaaaTests/Info.plist;
				IPHONEOS_DEPLOYMENT_TARGET = 14.3;
				LD_RUNPATH_SEARCH_PATHS = (
					"$(inherited)",
					"@executable_path/Frameworks",
					"@loader_path/Frameworks",
				);
				PRODUCT_BUNDLE_IDENTIFIER = emrekanka.aaaaaTests;
				PRODUCT_NAME = "$(TARGET_NAME)";
				SWIFT_VERSION = 5.0;
				TARGETED_DEVICE_FAMILY = "1,2";
				TEST_HOST = "$(BUILT_PRODUCTS_DIR)/aaaaa.app/aaaaa";
			};
			name = Release;
		};
		6398BBA928DB5CCD00B0C3E9 /* Debug */ = {
			isa = XCBuildConfiguration;
			buildSettings = {
				ALWAYS_EMBED_SWIFT_STANDARD_LIBRARIES = YES;
				CODE_SIGN_STYLE = Automatic;
				INFOPLIST_FILE = aaaaaUITests/Info.plist;
				LD_RUNPATH_SEARCH_PATHS = (
					"$(inherited)",
					"@executable_path/Frameworks",
					"@loader_path/Frameworks",
				);
				PRODUCT_BUNDLE_IDENTIFIER = emrekanka.aaaaaUITests;
				PRODUCT_NAME = "$(TARGET_NAME)";
				SWIFT_VERSION = 5.0;
				TARGETED_DEVICE_FAMILY = "1,2";
				TEST_TARGET_NAME = aaaaa;
			};
			name = Debug;
		};
		6398BBAA28DB5CCD00B0C3E9 /* Release */ = {
			isa = XCBuildConfiguration;
			buildSettings = {
				ALWAYS_EMBED_SWIFT_STANDARD_LIBRARIES = YES;
				CODE_SIGN_STYLE = Automatic;
				INFOPLIST_FILE = aaaaaUITests/Info.plist;
				LD_RUNPATH_SEARCH_PATHS = (
					"$(inherited)",
					"@executable_path/Frameworks",
					"@loader_path/Frameworks",
				);
				PRODUCT_BUNDLE_IDENTIFIER = emrekanka.aaaaaUITests;
				PRODUCT_NAME = "$(TARGET_NAME)";
				SWIFT_VERSION = 5.0;
				TARGETED_DEVICE_FAMILY = "1,2";
				TEST_TARGET_NAME = aaaaa;
			};
			name = Release;
		};
/* End XCBuildConfiguration section */

/* Begin XCConfigurationList section */
		6398BB7028DB5CCB00B0C3E9 /* Build configuration list for PBXProject "aaaaa" */ = {
			isa = XCConfigurationList;
			buildConfigurations = (
				6398BBA028DB5CCD00B0C3E9 /* Debug */,
				6398BBA128DB5CCD00B0C3E9 /* Release */,
			);
			defaultConfigurationIsVisible = 0;
			defaultConfigurationName = Release;
		};
		6398BBA228DB5CCD00B0C3E9 /* Build configuration list for PBXNativeTarget "aaaaa" */ = {
			isa = XCConfigurationList;
			buildConfigurations = (
				6398BBA328DB5CCD00B0C3E9 /* Debug */,
				6398BBA428DB5CCD00B0C3E9 /* Release */,
			);
			defaultConfigurationIsVisible = 0;
			defaultConfigurationName = Release;
		};
		6398BBA528DB5CCD00B0C3E9 /* Build configuration list for PBXNativeTarget "aaaaaTests" */ = {
			isa = XCConfigurationList;
			buildConfigurations = (
				6398BBA628DB5CCD00B0C3E9 /* Debug */,
				6398BBA728DB5CCD00B0C3E9 /* Release */,
			);
			defaultConfigurationIsVisible = 0;
			defaultConfigurationName = Release;
		};
		6398BBA828DB5CCD00B0C3E9 /* Build configuration list for PBXNativeTarget "aaaaaUITests" */ = {
			isa = XCConfigurationList;
			buildConfigurations = (
				6398BBA928DB5CCD00B0C3E9 /* Debug */,
				6398BBAA28DB5CCD00B0C3E9 /* Release */,
			);
			defaultConfigurationIsVisible = 0;
			defaultConfigurationName = Release;
		};
/* End XCConfigurationList section */

/* Begin XCVersionGroup section */
		6398BB8128DB5CCB00B0C3E9 /* aaaaa.xcdatamodeld */ = {
			isa = XCVersionGroup;
			children = (
				6398BB8228DB5CCB00B0C3E9 /* aaaaa.xcdatamodel */,
			);
			currentVersion = 6398BB8228DB5CCB00B0C3E9 /* aaaaa.xcdatamodel */;
			path = aaaaa.xcdatamodeld;
			sourceTree = "<group>";
			versionGroupType = wrapper.xcdatamodel;
		};
/* End XCVersionGroup section */
	};
	rootObject = 6398BB6D28DB5CCB00B0C3E9 /* Project object */;
}
